schema: '2.0'
stages:
  ingest:
    cmd: python src/data_ingestion.py --input data/raw/US_Accidents_March23.csv 
      --output data/interim/ingested.csv
    deps:
    - path: data/raw/US_Accidents_March23.csv
      hash: md5
      md5: f04a223ad1a77e9ed85cca8128d57d6e
      size: 3058183727
    - path: src/data_ingestion.py
      hash: md5
      md5: 5a78e50d2102f8407163f54aef9a1653
      size: 3597
    outs:
    - path: data/interim/ingested.csv
      hash: md5
      md5: 704117e46ef95d9d277290a5ce216472
      size: 2053020606
  preprocess:
    cmd: python src/preprocessing.py --input data/interim/ingested.csv --output 
      data/interim/preprocessed.csv
    deps:
    - path: data/interim/ingested.csv
      hash: md5
      md5: 704117e46ef95d9d277290a5ce216472
      size: 2053020606
    - path: src/preprocessing.py
      hash: md5
      md5: dfe1a175f7087d0522fd9364e3569524
      size: 15600
    outs:
    - path: data/interim/preprocessed.csv
      hash: md5
      md5: 79f6ddbb042fbaeaa56dbc9e18311e8c
      size: 1599529885
  feature_engineer:
    cmd: python src/feature_engineering.py --input data/interim/preprocessed.csv
      --output data/processed/features.csv --params params.yaml
    deps:
    - path: data/interim/preprocessed.csv
      hash: md5
      md5: 79f6ddbb042fbaeaa56dbc9e18311e8c
      size: 1599529885
    - path: src/feature_engineering.py
      hash: md5
      md5: c09b518ff25140653f2b4c9a246854da
      size: 10879
    params:
      params.yaml:
        feature_engineering:
          random_seed: 42
          drop_severity: 1
    outs:
    - path: data/processed/features.csv
      hash: md5
      md5: 46757050bb08c058d557755aa2de9a57
      size: 57115284
